// !$*UTF8*$!
{
	archiveVersion = 1;
	classes = {
	};
	objectVersion = 46;
	objects = {

/* Begin PBXBuildFile section */
		DD64E1B31CA18A48008F54E9 /* main.cpp in Sources */ = {isa = PBXBuildFile; fileRef = DD64E1B21CA18A48008F54E9 /* main.cpp */; };
/* End PBXBuildFile section */

/* Begin PBXCopyFilesBuildPhase section */
		DD64E1AD1CA18A48008F54E9 /* CopyFiles */ = {
			isa = PBXCopyFilesBuildPhase;
			buildActionMask = 2147483647;
			dstPath = /usr/share/man/man1/;
			dstSubfolderSpec = 0;
			files = (
			);
			runOnlyForDeploymentPostprocessing = 1;
		};
/* End PBXCopyFilesBuildPhase section */

/* Begin PBXFileReference section */
		DD64E1AF1CA18A48008F54E9 /* URI */ = {isa = PBXFileReference; explicitFileType = "compiled.mach-o.executable"; includeInIndex = 0; path = URI; sourceTree = BUILT_PRODUCTS_DIR; };
		DD64E1B21CA18A48008F54E9 /* main.cpp */ = {isa = PBXFileReference; lastKnownFileType = sourcecode.cpp.cpp; path = main.cpp; sourceTree = "<group>"; };
		DD64E1B91CA1BB9A008F54E9 /* Danilo_Mendes_Resume_TXT */ = {isa = PBXFileReference; fileEncoding = 4; lastKnownFileType = text; path = Danilo_Mendes_Resume_TXT; sourceTree = "<group>"; };
/* End PBXFileReference section */

/* Begin PBXFrameworksBuildPhase section */
		DD64E1AC1CA18A48008F54E9 /* Frameworks */ = {
			isa = PBXFrameworksBuildPhase;
			buildActionMask = 2147483647;
			files = (
			);
			runOnlyForDeploymentPostprocessing = 0;
		};
/* End PBXFrameworksBuildPhase section */

/* Begin PBXGroup section */
		DD64E1A61CA18A48008F54E9 = {
			isa = PBXGroup;
			children = (
				DD64E1B11CA18A48008F54E9 /* URI */,
				DD64E1B01CA18A48008F54E9 /* Products */,
			);
			sourceTree = "<group>";
		};
		DD64E1B01CA18A48008F54E9 /* Products */ = {
			isa = PBXGroup;
			children = (
				DD64E1AF1CA18A48008F54E9 /* URI */,
			);
			name = Products;
			sourceTree = "<group>";
		};
		DD64E1B11CA18A48008F54E9 /* URI */ = {
			isa = PBXGroup;
			children = (
				DD64E1B21CA18A48008F54E9 /* main.cpp */,
				DD64E1B91CA1BB9A008F54E9 /* Danilo_Mendes_Resume_TXT */,
			);
			path = URI;
			sourceTree = "<group>";
		};
/* End PBXGroup section */

/* Begin PBXNativeTarget section */
		DD64E1AE1CA18A48008F54E9 /* URI */ = {
			isa = PBXNativeTarget;
			buildConfigurationList = DD64E1B61CA18A48008F54E9 /* Build configuration list for PBXNativeTarget "URI" */;
			buildPhases = (
				DD64E1AB1CA18A48008F54E9 /* Sources */,
				DD64E1AC1CA18A48008F54E9 /* Frameworks */,
				DD64E1AD1CA18A48008F54E9 /* CopyFiles */,
			);
			buildRules = (
			);
			dependencies = (
			);
			name = URI;
			productName = URI;
			productReference = DD64E1AF1CA18A48008F54E9 /* URI */;
			productType = "com.apple.product-type.tool";
		};
/* End PBXNativeTarget section */

/* Begin PBXProject section */
		DD64E1A71CA18A48008F54E9 /* Project object */ = {
			isa = PBXProject;
			attributes = {
				LastUpgradeCheck = 0720;
				ORGANIZATIONNAME = "Danilo Mendes";
				TargetAttributes = {
					DD64E1AE1CA18A48008F54E9 = {
						CreatedOnToolsVersion = 7.2;
					};
				};
			};
			buildConfigurationList = DD64E1AA1CA18A48008F54E9 /* Build configuration list for PBXProject "URI" */;
			compatibilityVersion = "Xcode 3.2";
			developmentRegion = English;
			hasScannedForEncodings = 0;
			knownRegions = (
				en,
			);
			mainGroup = DD64E1A61CA18A48008F54E9;
			productRefGroup = DD64E1B01CA18A48008F54E9 /* Products */;
			projectDirPath = "";
			projectRoot = "";
			targets = (
				DD64E1AE1CA18A48008F54E9 /* URI */,
			);
		};
/* End PBXProject section */

/* Begin PBXSourcesBuildPhase section */
		DD64E1AB1CA18A48008F54E9 /* Sources */ = {
			isa = PBXSourcesBuildPhase;
			buildActionMask = 2147483647;
			files = (
				DD64E1B31CA18A48008F54E9 /* main.cpp in Sources */,
			);
			runOnlyForDeploymentPostprocessing = 0;
		};
/* End PBXSourcesBuildPhase section */

/* Begin XCBuildConfiguration section */
		DD64E1B41CA18A48008F54E9 /* Debug */ = {
			isa = XCBuildConfiguration;
			buildSettings = {
				ALWAYS_SEARCH_USER_PATHS = NO;
				CLANG_CXX_LANGUAGE_STANDARD = "gnu++0x";
				CLANG_CXX_LIBRARY = "libc++";
				CLANG_ENABLE_MODULES = YES;
				CLANG_ENABLE_OBJC_ARC = YES;
				CLANG_WARN_BOOL_CONVERSION = YES;
				CLANG_WARN_CONSTANT_CONVERSION = YES;
				CLANG_WARN_DIRECT_OBJC_ISA_USAGE = YES_ERROR;
				CLANG_WARN_EMPTY_BODY = YES;
				CLANG_WARN_ENUM_CONVERSION = YES;
				CLANG_WARN_INT_CONVERSION = YES;
				CLANG_WARN_OBJC_ROOT_CLASS = YES_ERROR;
				CLANG_WARN_UNREACHABLE_CODE = YES;
				CLANG_WARN__DUPLICATE_METHOD_MATCH = YES;
				CODE_SIGN_IDENTITY = "-";
				COPY_PHASE_STRIP = NO;
				DEBUG_INFORMATION_FORMAT = dwarf;
				ENABLE_STRICT_OBJC_MSGSEND = YES;
				ENABLE_TESTABILITY = YES;
				GCC_C_LANGUAGE_STANDARD = gnu99;
				GCC_DYNAMIC_NO_PIC = NO;
				GCC_NO_COMMON_BLOCKS = YES;
				GCC_OPTIMIZATION_LEVEL = 0;
				GCC_PREPROCESSOR_DEFINITIONS = (
					"DEBUG=1",
					"$(inherited)",
				);
				GCC_WARN_64_TO_32_BIT_CONVERSION = YES;
				GCC_WARN_ABOUT_RETURN_TYPE = YES_ERROR;
				GCC_WARN_UNDECLARED_SELECTOR = YES;
				GCC_WARN_UNINITIALIZED_AUTOS = YES_AGGRESSIVE;
				GCC_WARN_UNUSED_FUNCTION = YES;
				GCC_WARN_UNUSED_VARIABLE = YES;
				MACOSX_DEPLOYMENT_TARGET = 10.10;
				MTL_ENABLE_DEBUG_INFO = YES;
				ONLY_ACTIVE_ARCH = YES;
				SDKROOT = macosx;
			};
			name = Debug;
		};
		DD64E1B51CA18A48008F54E9 /* Release */ = {
			isa = XCBuildConfiguration;
			buildSettings = {
				ALWAYS_SEARCH_USER_PATHS = NO;
				CLANG_CXX_LANGUAGE_STANDARD = "gnu++0x";
				CLANG_CXX_LIBRARY = "libc++";
				CLANG_ENABLE_MODULES = YES;
				CLANG_ENABLE_OBJC_ARC = YES;
				CLANG_WARN_BOOL_CONVERSION = YES;
				CLANG_WARN_CONSTANT_CONVERSION = YES;
				CLANG_WARN_DIRECT_OBJC_ISA_USAGE = YES_ERROR;
				CLANG_WARN_EMPTY_BODY = YES;
				CLANG_WARN_ENUM_CONVERSION = YES;
				CLANG_WARN_INT_CONVERSION = YES;
				CLANG_WARN_OBJC_ROOT_CLASS = YES_ERROR;
				CLANG_WARN_UNREACHABLE_CODE = YES;
				CLANG_WARN__DUPLICATE_METHOD_MATCH = YES;
				CODE_SIGN_IDENTITY = "-";
				COPY_PHASE_STRIP = NO;
				DEBUG_INFORMATION_FORMAT = "dwarf-with-dsym";
				ENABLE_NS_ASSERTIONS = NO;
				ENABLE_STRICT_OBJC_MSGSEND = YES;
				GCC_C_LANGUAGE_STANDARD = gnu99;
				GCC_NO_COMMON_BLOCKS = YES;
				GCC_WARN_64_TO_32_BIT_CONVERSION = YES;
				GCC_WARN_ABOUT_RETURN_TYPE = YES_ERROR;
				GCC_WARN_UNDECLARED_SELECTOR = YES;
				GCC_WARN_UNINITIALIZED_AUTOS = YES_AGGRESSIVE;
				GCC_WARN_UNUSED_FUNCTION = YES;
				GCC_WARN_UNUSED_VARIABLE = YES;
				MACOSX_DEPLOYMENT_TARGET = 10.10;
				MTL_ENABLE_DEBUG_INFO = NO;
				SDKROOT = macosx;
			};
			name = Release;
		};
		DD64E1B71CA18A48008F54E9 /* Debug */ = {
			isa = XCBuildConfiguration;
			buildSettings = {
				PRODUCT_NAME = "$(TARGET_NAME)";
			};
			name = Debug;
		};
		DD64E1B81CA18A48008F54E9 /* Release */ = {
			isa = XCBuildConfiguration;
			buildSettings = {
				PRODUCT_NAME = "$(TARGET_NAME)";
			};
			name = Release;
		};
/* End XCBuildConfiguration section */

/* Begin XCConfigurationList section */
		DD64E1AA1CA18A48008F54E9 /* Build configuration list for PBXProject "URI" */ = {
			isa = XCConfigurationList;
			buildConfigurations = (
				DD64E1B41CA18A48008F54E9 /* Debug */,
				DD64E1B51CA18A48008F54E9 /* Release */,
			);
			defaultConfigurationIsVisible = 0;
			defaultConfigurationName = Release;
		};
		DD64E1B61CA18A48008F54E9 /* Build configuration list for PBXNativeTarget "URI" */ = {
			isa = XCConfigurationList;
			buildConfigurations = (
				DD64E1B71CA18A48008F54E9 /* Debug */,
				DD64E1B81CA18A48008F54E9 /* Release */,
			);
			defaultConfigurationIsVisible = 0;
		};
/* End XCConfigurationList section */
	};
	rootObject = DD64E1A71CA18A48008F54E9 /* Project object */;
}
