// !$*UTF8*$!
{
	archiveVersion = 1;
	classes = {
	};
	objectVersion = 46;
	objects = {

/* Begin PBXBuildFile section */
		DD9EE0711CAF74A800C14F1D /* Music.cpp in Sources */ = {isa = PBXBuildFile; fileRef = DD9EE06F1CAF74A800C14F1D /* Music.cpp */; };
		DD9EE0741CAF963D00C14F1D /* Catalog.cpp in Sources */ = {isa = PBXBuildFile; fileRef = DD9EE0721CAF963D00C14F1D /* Catalog.cpp */; };
		DD9F5D1B1CACD8EA006ACFF4 /* main.cpp in Sources */ = {isa = PBXBuildFile; fileRef = DD9F5D1A1CACD8EA006ACFF4 /* main.cpp */; };
/* End PBXBuildFile section */

/* Begin PBXCopyFilesBuildPhase section */
		DD9F5D151CACD8EA006ACFF4 /* CopyFiles */ = {
			isa = PBXCopyFilesBuildPhase;
			buildActionMask = 2147483647;
			dstPath = /usr/share/man/man1/;
			dstSubfolderSpec = 0;
			files = (
			);
			runOnlyForDeploymentPostprocessing = 1;
		};
/* End PBXCopyFilesBuildPhase section */

/* Begin PBXFileReference section */
		DD9EE06F1CAF74A800C14F1D /* Music.cpp */ = {isa = PBXFileReference; fileEncoding = 4; lastKnownFileType = sourcecode.cpp.cpp; path = Music.cpp; sourceTree = "<group>"; };
		DD9EE0701CAF74A800C14F1D /* Music.hpp */ = {isa = PBXFileReference; fileEncoding = 4; lastKnownFileType = sourcecode.cpp.h; path = Music.hpp; sourceTree = "<group>"; };
		DD9EE0721CAF963D00C14F1D /* Catalog.cpp */ = {isa = PBXFileReference; fileEncoding = 4; lastKnownFileType = sourcecode.cpp.cpp; path = Catalog.cpp; sourceTree = "<group>"; };
		DD9EE0731CAF963D00C14F1D /* Catalog.hpp */ = {isa = PBXFileReference; fileEncoding = 4; lastKnownFileType = sourcecode.cpp.h; path = Catalog.hpp; sourceTree = "<group>"; };
		DD9F5D171CACD8EA006ACFF4 /* Assignment7 */ = {isa = PBXFileReference; explicitFileType = "compiled.mach-o.executable"; includeInIndex = 0; path = Assignment7; sourceTree = BUILT_PRODUCTS_DIR; };
		DD9F5D1A1CACD8EA006ACFF4 /* main.cpp */ = {isa = PBXFileReference; lastKnownFileType = sourcecode.cpp.cpp; path = main.cpp; sourceTree = "<group>"; };
		DD9F5D211CAF11D3006ACFF4 /* Music.txt */ = {isa = PBXFileReference; fileEncoding = 4; lastKnownFileType = text; path = Music.txt; sourceTree = "<group>"; };
/* End PBXFileReference section */

/* Begin PBXFrameworksBuildPhase section */
		DD9F5D141CACD8EA006ACFF4 /* Frameworks */ = {
			isa = PBXFrameworksBuildPhase;
			buildActionMask = 2147483647;
			files = (
			);
			runOnlyForDeploymentPostprocessing = 0;
		};
/* End PBXFrameworksBuildPhase section */

/* Begin PBXGroup section */
		DD9F5D0E1CACD8EA006ACFF4 = {
			isa = PBXGroup;
			children = (
				DD9F5D191CACD8EA006ACFF4 /* Assignment7 */,
				DD9F5D181CACD8EA006ACFF4 /* Products */,
			);
			sourceTree = "<group>";
		};
		DD9F5D181CACD8EA006ACFF4 /* Products */ = {
			isa = PBXGroup;
			children = (
				DD9F5D171CACD8EA006ACFF4 /* Assignment7 */,
			);
			name = Products;
			sourceTree = "<group>";
		};
		DD9F5D191CACD8EA006ACFF4 /* Assignment7 */ = {
			isa = PBXGroup;
			children = (
				DD9F5D1A1CACD8EA006ACFF4 /* main.cpp */,
				DD9EE06F1CAF74A800C14F1D /* Music.cpp */,
				DD9EE0701CAF74A800C14F1D /* Music.hpp */,
				DD9EE0721CAF963D00C14F1D /* Catalog.cpp */,
				DD9EE0731CAF963D00C14F1D /* Catalog.hpp */,
				DD9F5D211CAF11D3006ACFF4 /* Music.txt */,
			);
			path = Assignment7;
			sourceTree = "<group>";
		};
/* End PBXGroup section */

/* Begin PBXNativeTarget section */
		DD9F5D161CACD8EA006ACFF4 /* Assignment7 */ = {
			isa = PBXNativeTarget;
			buildConfigurationList = DD9F5D1E1CACD8EA006ACFF4 /* Build configuration list for PBXNativeTarget "Assignment7" */;
			buildPhases = (
				DD9F5D131CACD8EA006ACFF4 /* Sources */,
				DD9F5D141CACD8EA006ACFF4 /* Frameworks */,
				DD9F5D151CACD8EA006ACFF4 /* CopyFiles */,
			);
			buildRules = (
			);
			dependencies = (
			);
			name = Assignment7;
			productName = Assignment7;
			productReference = DD9F5D171CACD8EA006ACFF4 /* Assignment7 */;
			productType = "com.apple.product-type.tool";
		};
/* End PBXNativeTarget section */

/* Begin PBXProject section */
		DD9F5D0F1CACD8EA006ACFF4 /* Project object */ = {
			isa = PBXProject;
			attributes = {
				LastUpgradeCheck = 0720;
				ORGANIZATIONNAME = "Danilo Mendes";
				TargetAttributes = {
					DD9F5D161CACD8EA006ACFF4 = {
						CreatedOnToolsVersion = 7.2;
					};
				};
			};
			buildConfigurationList = DD9F5D121CACD8EA006ACFF4 /* Build configuration list for PBXProject "Assignment7" */;
			compatibilityVersion = "Xcode 3.2";
			developmentRegion = English;
			hasScannedForEncodings = 0;
			knownRegions = (
				en,
			);
			mainGroup = DD9F5D0E1CACD8EA006ACFF4;
			productRefGroup = DD9F5D181CACD8EA006ACFF4 /* Products */;
			projectDirPath = "";
			projectRoot = "";
			targets = (
				DD9F5D161CACD8EA006ACFF4 /* Assignment7 */,
			);
		};
/* End PBXProject section */

/* Begin PBXSourcesBuildPhase section */
		DD9F5D131CACD8EA006ACFF4 /* Sources */ = {
			isa = PBXSourcesBuildPhase;
			buildActionMask = 2147483647;
			files = (
				DD9F5D1B1CACD8EA006ACFF4 /* main.cpp in Sources */,
				DD9EE0741CAF963D00C14F1D /* Catalog.cpp in Sources */,
				DD9EE0711CAF74A800C14F1D /* Music.cpp in Sources */,
			);
			runOnlyForDeploymentPostprocessing = 0;
		};
/* End PBXSourcesBuildPhase section */

/* Begin XCBuildConfiguration section */
		DD9F5D1C1CACD8EA006ACFF4 /* Debug */ = {
			isa = XCBuildConfiguration;
			buildSettings = {
				ALWAYS_SEARCH_USER_PATHS = NO;
				CLANG_CXX_LANGUAGE_STANDARD = "gnu++0x";
				CLANG_CXX_LIBRARY = "libc++";
				CLANG_ENABLE_MODULES = YES;
				CLANG_ENABLE_OBJC_ARC = YES;
				CLANG_WARN_BOOL_CONVERSION = YES;
				CLANG_WARN_CONSTANT_CONVERSION = YES;
				CLANG_WARN_DIRECT_OBJC_ISA_USAGE = YES_ERROR;
				CLANG_WARN_EMPTY_BODY = YES;
				CLANG_WARN_ENUM_CONVERSION = YES;
				CLANG_WARN_INT_CONVERSION = YES;
				CLANG_WARN_OBJC_ROOT_CLASS = YES_ERROR;
				CLANG_WARN_UNREACHABLE_CODE = YES;
				CLANG_WARN__DUPLICATE_METHOD_MATCH = YES;
				CODE_SIGN_IDENTITY = "-";
				COPY_PHASE_STRIP = NO;
				DEBUG_INFORMATION_FORMAT = dwarf;
				ENABLE_STRICT_OBJC_MSGSEND = YES;
				ENABLE_TESTABILITY = YES;
				GCC_C_LANGUAGE_STANDARD = gnu99;
				GCC_DYNAMIC_NO_PIC = NO;
				GCC_NO_COMMON_BLOCKS = YES;
				GCC_OPTIMIZATION_LEVEL = 0;
				GCC_PREPROCESSOR_DEFINITIONS = (
					"DEBUG=1",
					"$(inherited)",
				);
				GCC_WARN_64_TO_32_BIT_CONVERSION = YES;
				GCC_WARN_ABOUT_RETURN_TYPE = YES_ERROR;
				GCC_WARN_UNDECLARED_SELECTOR = YES;
				GCC_WARN_UNINITIALIZED_AUTOS = YES_AGGRESSIVE;
				GCC_WARN_UNUSED_FUNCTION = YES;
				GCC_WARN_UNUSED_VARIABLE = YES;
				MACOSX_DEPLOYMENT_TARGET = 10.10;
				MTL_ENABLE_DEBUG_INFO = YES;
				ONLY_ACTIVE_ARCH = YES;
				SDKROOT = macosx;
			};
			name = Debug;
		};
		DD9F5D1D1CACD8EA006ACFF4 /* Release */ = {
			isa = XCBuildConfiguration;
			buildSettings = {
				ALWAYS_SEARCH_USER_PATHS = NO;
				CLANG_CXX_LANGUAGE_STANDARD = "gnu++0x";
				CLANG_CXX_LIBRARY = "libc++";
				CLANG_ENABLE_MODULES = YES;
				CLANG_ENABLE_OBJC_ARC = YES;
				CLANG_WARN_BOOL_CONVERSION = YES;
				CLANG_WARN_CONSTANT_CONVERSION = YES;
				CLANG_WARN_DIRECT_OBJC_ISA_USAGE = YES_ERROR;
				CLANG_WARN_EMPTY_BODY = YES;
				CLANG_WARN_ENUM_CONVERSION = YES;
				CLANG_WARN_INT_CONVERSION = YES;
				CLANG_WARN_OBJC_ROOT_CLASS = YES_ERROR;
				CLANG_WARN_UNREACHABLE_CODE = YES;
				CLANG_WARN__DUPLICATE_METHOD_MATCH = YES;
				CODE_SIGN_IDENTITY = "-";
				COPY_PHASE_STRIP = NO;
				DEBUG_INFORMATION_FORMAT = "dwarf-with-dsym";
				ENABLE_NS_ASSERTIONS = NO;
				ENABLE_STRICT_OBJC_MSGSEND = YES;
				GCC_C_LANGUAGE_STANDARD = gnu99;
				GCC_NO_COMMON_BLOCKS = YES;
				GCC_WARN_64_TO_32_BIT_CONVERSION = YES;
				GCC_WARN_ABOUT_RETURN_TYPE = YES_ERROR;
				GCC_WARN_UNDECLARED_SELECTOR = YES;
				GCC_WARN_UNINITIALIZED_AUTOS = YES_AGGRESSIVE;
				GCC_WARN_UNUSED_FUNCTION = YES;
				GCC_WARN_UNUSED_VARIABLE = YES;
				MACOSX_DEPLOYMENT_TARGET = 10.10;
				MTL_ENABLE_DEBUG_INFO = NO;
				SDKROOT = macosx;
			};
			name = Release;
		};
		DD9F5D1F1CACD8EA006ACFF4 /* Debug */ = {
			isa = XCBuildConfiguration;
			buildSettings = {
				PRODUCT_NAME = "$(TARGET_NAME)";
			};
			name = Debug;
		};
		DD9F5D201CACD8EA006ACFF4 /* Release */ = {
			isa = XCBuildConfiguration;
			buildSettings = {
				PRODUCT_NAME = "$(TARGET_NAME)";
			};
			name = Release;
		};
/* End XCBuildConfiguration section */

/* Begin XCConfigurationList section */
		DD9F5D121CACD8EA006ACFF4 /* Build configuration list for PBXProject "Assignment7" */ = {
			isa = XCConfigurationList;
			buildConfigurations = (
				DD9F5D1C1CACD8EA006ACFF4 /* Debug */,
				DD9F5D1D1CACD8EA006ACFF4 /* Release */,
			);
			defaultConfigurationIsVisible = 0;
			defaultConfigurationName = Release;
		};
		DD9F5D1E1CACD8EA006ACFF4 /* Build configuration list for PBXNativeTarget "Assignment7" */ = {
			isa = XCConfigurationList;
			buildConfigurations = (
				DD9F5D1F1CACD8EA006ACFF4 /* Debug */,
				DD9F5D201CACD8EA006ACFF4 /* Release */,
			);
			defaultConfigurationIsVisible = 0;
			defaultConfigurationName = Release;
		};
/* End XCConfigurationList section */
	};
	rootObject = DD9F5D0F1CACD8EA006ACFF4 /* Project object */;
}
