// !$*UTF8*$!
{
	archiveVersion = 1;
	classes = {
	};
	objectVersion = 46;
	objects = {

/* Begin PBXBuildFile section */
		DDC3EA6B1DD09BDF0043478C /* main.cpp in Sources */ = {isa = PBXBuildFile; fileRef = DDC3EA6A1DD09BDF0043478C /* main.cpp */; };
/* End PBXBuildFile section */

/* Begin PBXCopyFilesBuildPhase section */
		DDC3EA651DD09BDF0043478C /* CopyFiles */ = {
			isa = PBXCopyFilesBuildPhase;
			buildActionMask = 2147483647;
			dstPath = /usr/share/man/man1/;
			dstSubfolderSpec = 0;
			files = (
			);
			runOnlyForDeploymentPostprocessing = 1;
		};
/* End PBXCopyFilesBuildPhase section */

/* Begin PBXFileReference section */
		DDC3EA671DD09BDF0043478C /* Lista06 */ = {isa = PBXFileReference; explicitFileType = "compiled.mach-o.executable"; includeInIndex = 0; path = Lista06; sourceTree = BUILT_PRODUCTS_DIR; };
		DDC3EA6A1DD09BDF0043478C /* main.cpp */ = {isa = PBXFileReference; lastKnownFileType = sourcecode.cpp.cpp; path = main.cpp; sourceTree = "<group>"; };
		DDC3EA711DD09BF20043478C /* Ex01.txt */ = {isa = PBXFileReference; fileEncoding = 4; lastKnownFileType = text; path = Ex01.txt; sourceTree = "<group>"; };
		DDDC7AA91DD2417D00AC4841 /* Ex02.txt */ = {isa = PBXFileReference; fileEncoding = 4; lastKnownFileType = text; path = Ex02.txt; sourceTree = "<group>"; };
		DDDC7AAA1DD36DF900AC4841 /* Ex3.txt */ = {isa = PBXFileReference; fileEncoding = 4; lastKnownFileType = text; path = Ex3.txt; sourceTree = "<group>"; };
/* End PBXFileReference section */

/* Begin PBXFrameworksBuildPhase section */
		DDC3EA641DD09BDF0043478C /* Frameworks */ = {
			isa = PBXFrameworksBuildPhase;
			buildActionMask = 2147483647;
			files = (
			);
			runOnlyForDeploymentPostprocessing = 0;
		};
/* End PBXFrameworksBuildPhase section */

/* Begin PBXGroup section */
		DDC3EA5E1DD09BDF0043478C = {
			isa = PBXGroup;
			children = (
				DDC3EA691DD09BDF0043478C /* Lista06 */,
				DDC3EA681DD09BDF0043478C /* Products */,
			);
			sourceTree = "<group>";
		};
		DDC3EA681DD09BDF0043478C /* Products */ = {
			isa = PBXGroup;
			children = (
				DDC3EA671DD09BDF0043478C /* Lista06 */,
			);
			name = Products;
			sourceTree = "<group>";
		};
		DDC3EA691DD09BDF0043478C /* Lista06 */ = {
			isa = PBXGroup;
			children = (
				DDC3EA6A1DD09BDF0043478C /* main.cpp */,
				DDC3EA711DD09BF20043478C /* Ex01.txt */,
				DDDC7AA91DD2417D00AC4841 /* Ex02.txt */,
				DDDC7AAA1DD36DF900AC4841 /* Ex3.txt */,
			);
			path = Lista06;
			sourceTree = "<group>";
		};
/* End PBXGroup section */

/* Begin PBXNativeTarget section */
		DDC3EA661DD09BDF0043478C /* Lista06 */ = {
			isa = PBXNativeTarget;
			buildConfigurationList = DDC3EA6E1DD09BDF0043478C /* Build configuration list for PBXNativeTarget "Lista06" */;
			buildPhases = (
				DDC3EA631DD09BDF0043478C /* Sources */,
				DDC3EA641DD09BDF0043478C /* Frameworks */,
				DDC3EA651DD09BDF0043478C /* CopyFiles */,
			);
			buildRules = (
			);
			dependencies = (
			);
			name = Lista06;
			productName = Lista06;
			productReference = DDC3EA671DD09BDF0043478C /* Lista06 */;
			productType = "com.apple.product-type.tool";
		};
/* End PBXNativeTarget section */

/* Begin PBXProject section */
		DDC3EA5F1DD09BDF0043478C /* Project object */ = {
			isa = PBXProject;
			attributes = {
				LastUpgradeCheck = 0810;
				ORGANIZATIONNAME = "Danilo Mendes";
				TargetAttributes = {
					DDC3EA661DD09BDF0043478C = {
						CreatedOnToolsVersion = 8.1;
						ProvisioningStyle = Automatic;
					};
				};
			};
			buildConfigurationList = DDC3EA621DD09BDF0043478C /* Build configuration list for PBXProject "Lista06" */;
			compatibilityVersion = "Xcode 3.2";
			developmentRegion = English;
			hasScannedForEncodings = 0;
			knownRegions = (
				en,
			);
			mainGroup = DDC3EA5E1DD09BDF0043478C;
			productRefGroup = DDC3EA681DD09BDF0043478C /* Products */;
			projectDirPath = "";
			projectRoot = "";
			targets = (
				DDC3EA661DD09BDF0043478C /* Lista06 */,
			);
		};
/* End PBXProject section */

/* Begin PBXSourcesBuildPhase section */
		DDC3EA631DD09BDF0043478C /* Sources */ = {
			isa = PBXSourcesBuildPhase;
			buildActionMask = 2147483647;
			files = (
				DDC3EA6B1DD09BDF0043478C /* main.cpp in Sources */,
			);
			runOnlyForDeploymentPostprocessing = 0;
		};
/* End PBXSourcesBuildPhase section */

/* Begin XCBuildConfiguration section */
		DDC3EA6C1DD09BDF0043478C /* Debug */ = {
			isa = XCBuildConfiguration;
			buildSettings = {
				ALWAYS_SEARCH_USER_PATHS = NO;
				CLANG_ANALYZER_NONNULL = YES;
				CLANG_CXX_LANGUAGE_STANDARD = "gnu++0x";
				CLANG_CXX_LIBRARY = "libc++";
				CLANG_ENABLE_MODULES = YES;
				CLANG_ENABLE_OBJC_ARC = YES;
				CLANG_WARN_BOOL_CONVERSION = YES;
				CLANG_WARN_CONSTANT_CONVERSION = YES;
				CLANG_WARN_DIRECT_OBJC_ISA_USAGE = YES_ERROR;
				CLANG_WARN_DOCUMENTATION_COMMENTS = YES;
				CLANG_WARN_EMPTY_BODY = YES;
				CLANG_WARN_ENUM_CONVERSION = YES;
				CLANG_WARN_INFINITE_RECURSION = YES;
				CLANG_WARN_INT_CONVERSION = YES;
				CLANG_WARN_OBJC_ROOT_CLASS = YES_ERROR;
				CLANG_WARN_SUSPICIOUS_MOVES = YES;
				CLANG_WARN_UNREACHABLE_CODE = YES;
				CLANG_WARN__DUPLICATE_METHOD_MATCH = YES;
				CODE_SIGN_IDENTITY = "-";
				COPY_PHASE_STRIP = NO;
				DEBUG_INFORMATION_FORMAT = dwarf;
				ENABLE_STRICT_OBJC_MSGSEND = YES;
				ENABLE_TESTABILITY = YES;
				GCC_C_LANGUAGE_STANDARD = gnu99;
				GCC_DYNAMIC_NO_PIC = NO;
				GCC_NO_COMMON_BLOCKS = YES;
				GCC_OPTIMIZATION_LEVEL = 0;
				GCC_PREPROCESSOR_DEFINITIONS = (
					"DEBUG=1",
					"$(inherited)",
				);
				GCC_WARN_64_TO_32_BIT_CONVERSION = YES;
				GCC_WARN_ABOUT_RETURN_TYPE = YES_ERROR;
				GCC_WARN_UNDECLARED_SELECTOR = YES;
				GCC_WARN_UNINITIALIZED_AUTOS = YES_AGGRESSIVE;
				GCC_WARN_UNUSED_FUNCTION = YES;
				GCC_WARN_UNUSED_VARIABLE = YES;
				MACOSX_DEPLOYMENT_TARGET = 10.12;
				MTL_ENABLE_DEBUG_INFO = YES;
				ONLY_ACTIVE_ARCH = YES;
				SDKROOT = macosx;
			};
			name = Debug;
		};
		DDC3EA6D1DD09BDF0043478C /* Release */ = {
			isa = XCBuildConfiguration;
			buildSettings = {
				ALWAYS_SEARCH_USER_PATHS = NO;
				CLANG_ANALYZER_NONNULL = YES;
				CLANG_CXX_LANGUAGE_STANDARD = "gnu++0x";
				CLANG_CXX_LIBRARY = "libc++";
				CLANG_ENABLE_MODULES = YES;
				CLANG_ENABLE_OBJC_ARC = YES;
				CLANG_WARN_BOOL_CONVERSION = YES;
				CLANG_WARN_CONSTANT_CONVERSION = YES;
				CLANG_WARN_DIRECT_OBJC_ISA_USAGE = YES_ERROR;
				CLANG_WARN_DOCUMENTATION_COMMENTS = YES;
				CLANG_WARN_EMPTY_BODY = YES;
				CLANG_WARN_ENUM_CONVERSION = YES;
				CLANG_WARN_INFINITE_RECURSION = YES;
				CLANG_WARN_INT_CONVERSION = YES;
				CLANG_WARN_OBJC_ROOT_CLASS = YES_ERROR;
				CLANG_WARN_SUSPICIOUS_MOVES = YES;
				CLANG_WARN_UNREACHABLE_CODE = YES;
				CLANG_WARN__DUPLICATE_METHOD_MATCH = YES;
				CODE_SIGN_IDENTITY = "-";
				COPY_PHASE_STRIP = NO;
				DEBUG_INFORMATION_FORMAT = "dwarf-with-dsym";
				ENABLE_NS_ASSERTIONS = NO;
				ENABLE_STRICT_OBJC_MSGSEND = YES;
				GCC_C_LANGUAGE_STANDARD = gnu99;
				GCC_NO_COMMON_BLOCKS = YES;
				GCC_WARN_64_TO_32_BIT_CONVERSION = YES;
				GCC_WARN_ABOUT_RETURN_TYPE = YES_ERROR;
				GCC_WARN_UNDECLARED_SELECTOR = YES;
				GCC_WARN_UNINITIALIZED_AUTOS = YES_AGGRESSIVE;
				GCC_WARN_UNUSED_FUNCTION = YES;
				GCC_WARN_UNUSED_VARIABLE = YES;
				MACOSX_DEPLOYMENT_TARGET = 10.12;
				MTL_ENABLE_DEBUG_INFO = NO;
				SDKROOT = macosx;
			};
			name = Release;
		};
		DDC3EA6F1DD09BDF0043478C /* Debug */ = {
			isa = XCBuildConfiguration;
			buildSettings = {
				PRODUCT_NAME = "$(TARGET_NAME)";
			};
			name = Debug;
		};
		DDC3EA701DD09BDF0043478C /* Release */ = {
			isa = XCBuildConfiguration;
			buildSettings = {
				PRODUCT_NAME = "$(TARGET_NAME)";
			};
			name = Release;
		};
/* End XCBuildConfiguration section */

/* Begin XCConfigurationList section */
		DDC3EA621DD09BDF0043478C /* Build configuration list for PBXProject "Lista06" */ = {
			isa = XCConfigurationList;
			buildConfigurations = (
				DDC3EA6C1DD09BDF0043478C /* Debug */,
				DDC3EA6D1DD09BDF0043478C /* Release */,
			);
			defaultConfigurationIsVisible = 0;
			defaultConfigurationName = Release;
		};
		DDC3EA6E1DD09BDF0043478C /* Build configuration list for PBXNativeTarget "Lista06" */ = {
			isa = XCConfigurationList;
			buildConfigurations = (
				DDC3EA6F1DD09BDF0043478C /* Debug */,
				DDC3EA701DD09BDF0043478C /* Release */,
			);
			defaultConfigurationIsVisible = 0;
			defaultConfigurationName = Release;
		};
/* End XCConfigurationList section */
	};
	rootObject = DDC3EA5F1DD09BDF0043478C /* Project object */;
}
