// !$*UTF8*$!
{
	archiveVersion = 1;
	classes = {
	};
	objectVersion = 46;
	objects = {

/* Begin PBXBuildFile section */
		DD2453491CCFAFFD0056612B /* main.cpp in Sources */ = {isa = PBXBuildFile; fileRef = DD2453481CCFAFFD0056612B /* main.cpp */; };
		DD2453511CCFB0D30056612B /* BinaryTree.cpp in Sources */ = {isa = PBXBuildFile; fileRef = DD24534F1CCFB0D30056612B /* BinaryTree.cpp */; };
/* End PBXBuildFile section */

/* Begin PBXCopyFilesBuildPhase section */
		DD2453431CCFAFFD0056612B /* CopyFiles */ = {
			isa = PBXCopyFilesBuildPhase;
			buildActionMask = 2147483647;
			dstPath = /usr/share/man/man1/;
			dstSubfolderSpec = 0;
			files = (
			);
			runOnlyForDeploymentPostprocessing = 1;
		};
/* End PBXCopyFilesBuildPhase section */

/* Begin PBXFileReference section */
		DD2453451CCFAFFD0056612B /* Assignment9 */ = {isa = PBXFileReference; explicitFileType = "compiled.mach-o.executable"; includeInIndex = 0; path = Assignment9; sourceTree = BUILT_PRODUCTS_DIR; };
		DD2453481CCFAFFD0056612B /* main.cpp */ = {isa = PBXFileReference; lastKnownFileType = sourcecode.cpp.cpp; path = main.cpp; sourceTree = "<group>"; };
		DD24534F1CCFB0D30056612B /* BinaryTree.cpp */ = {isa = PBXFileReference; fileEncoding = 4; lastKnownFileType = sourcecode.cpp.cpp; path = BinaryTree.cpp; sourceTree = "<group>"; };
		DD2453501CCFB0D30056612B /* BinaryTree.hpp */ = {isa = PBXFileReference; fileEncoding = 4; lastKnownFileType = sourcecode.cpp.h; path = BinaryTree.hpp; sourceTree = "<group>"; };
/* End PBXFileReference section */

/* Begin PBXFrameworksBuildPhase section */
		DD2453421CCFAFFD0056612B /* Frameworks */ = {
			isa = PBXFrameworksBuildPhase;
			buildActionMask = 2147483647;
			files = (
			);
			runOnlyForDeploymentPostprocessing = 0;
		};
/* End PBXFrameworksBuildPhase section */

/* Begin PBXGroup section */
		DD24533C1CCFAFFD0056612B = {
			isa = PBXGroup;
			children = (
				DD2453471CCFAFFD0056612B /* Assignment9 */,
				DD2453461CCFAFFD0056612B /* Products */,
			);
			sourceTree = "<group>";
		};
		DD2453461CCFAFFD0056612B /* Products */ = {
			isa = PBXGroup;
			children = (
				DD2453451CCFAFFD0056612B /* Assignment9 */,
			);
			name = Products;
			sourceTree = "<group>";
		};
		DD2453471CCFAFFD0056612B /* Assignment9 */ = {
			isa = PBXGroup;
			children = (
				DD2453481CCFAFFD0056612B /* main.cpp */,
				DD24534F1CCFB0D30056612B /* BinaryTree.cpp */,
				DD2453501CCFB0D30056612B /* BinaryTree.hpp */,
			);
			path = Assignment9;
			sourceTree = "<group>";
		};
/* End PBXGroup section */

/* Begin PBXNativeTarget section */
		DD2453441CCFAFFD0056612B /* Assignment9 */ = {
			isa = PBXNativeTarget;
			buildConfigurationList = DD24534C1CCFAFFD0056612B /* Build configuration list for PBXNativeTarget "Assignment9" */;
			buildPhases = (
				DD2453411CCFAFFD0056612B /* Sources */,
				DD2453421CCFAFFD0056612B /* Frameworks */,
				DD2453431CCFAFFD0056612B /* CopyFiles */,
			);
			buildRules = (
			);
			dependencies = (
			);
			name = Assignment9;
			productName = Assignment9;
			productReference = DD2453451CCFAFFD0056612B /* Assignment9 */;
			productType = "com.apple.product-type.tool";
		};
/* End PBXNativeTarget section */

/* Begin PBXProject section */
		DD24533D1CCFAFFD0056612B /* Project object */ = {
			isa = PBXProject;
			attributes = {
				LastUpgradeCheck = 0720;
				ORGANIZATIONNAME = "Danilo Mendes";
				TargetAttributes = {
					DD2453441CCFAFFD0056612B = {
						CreatedOnToolsVersion = 7.2;
					};
				};
			};
			buildConfigurationList = DD2453401CCFAFFD0056612B /* Build configuration list for PBXProject "Assignment9" */;
			compatibilityVersion = "Xcode 3.2";
			developmentRegion = English;
			hasScannedForEncodings = 0;
			knownRegions = (
				en,
			);
			mainGroup = DD24533C1CCFAFFD0056612B;
			productRefGroup = DD2453461CCFAFFD0056612B /* Products */;
			projectDirPath = "";
			projectRoot = "";
			targets = (
				DD2453441CCFAFFD0056612B /* Assignment9 */,
			);
		};
/* End PBXProject section */

/* Begin PBXSourcesBuildPhase section */
		DD2453411CCFAFFD0056612B /* Sources */ = {
			isa = PBXSourcesBuildPhase;
			buildActionMask = 2147483647;
			files = (
				DD2453511CCFB0D30056612B /* BinaryTree.cpp in Sources */,
				DD2453491CCFAFFD0056612B /* main.cpp in Sources */,
			);
			runOnlyForDeploymentPostprocessing = 0;
		};
/* End PBXSourcesBuildPhase section */

/* Begin XCBuildConfiguration section */
		DD24534A1CCFAFFD0056612B /* Debug */ = {
			isa = XCBuildConfiguration;
			buildSettings = {
				ALWAYS_SEARCH_USER_PATHS = NO;
				CLANG_CXX_LANGUAGE_STANDARD = "gnu++0x";
				CLANG_CXX_LIBRARY = "libc++";
				CLANG_ENABLE_MODULES = YES;
				CLANG_ENABLE_OBJC_ARC = YES;
				CLANG_WARN_BOOL_CONVERSION = YES;
				CLANG_WARN_CONSTANT_CONVERSION = YES;
				CLANG_WARN_DIRECT_OBJC_ISA_USAGE = YES_ERROR;
				CLANG_WARN_EMPTY_BODY = YES;
				CLANG_WARN_ENUM_CONVERSION = YES;
				CLANG_WARN_INT_CONVERSION = YES;
				CLANG_WARN_OBJC_ROOT_CLASS = YES_ERROR;
				CLANG_WARN_UNREACHABLE_CODE = YES;
				CLANG_WARN__DUPLICATE_METHOD_MATCH = YES;
				CODE_SIGN_IDENTITY = "-";
				COPY_PHASE_STRIP = NO;
				DEBUG_INFORMATION_FORMAT = dwarf;
				ENABLE_STRICT_OBJC_MSGSEND = YES;
				ENABLE_TESTABILITY = YES;
				GCC_C_LANGUAGE_STANDARD = gnu99;
				GCC_DYNAMIC_NO_PIC = NO;
				GCC_NO_COMMON_BLOCKS = YES;
				GCC_OPTIMIZATION_LEVEL = 0;
				GCC_PREPROCESSOR_DEFINITIONS = (
					"DEBUG=1",
					"$(inherited)",
				);
				GCC_WARN_64_TO_32_BIT_CONVERSION = YES;
				GCC_WARN_ABOUT_RETURN_TYPE = YES_ERROR;
				GCC_WARN_UNDECLARED_SELECTOR = YES;
				GCC_WARN_UNINITIALIZED_AUTOS = YES_AGGRESSIVE;
				GCC_WARN_UNUSED_FUNCTION = YES;
				GCC_WARN_UNUSED_VARIABLE = YES;
				MACOSX_DEPLOYMENT_TARGET = 10.10;
				MTL_ENABLE_DEBUG_INFO = YES;
				ONLY_ACTIVE_ARCH = YES;
				SDKROOT = macosx;
			};
			name = Debug;
		};
		DD24534B1CCFAFFD0056612B /* Release */ = {
			isa = XCBuildConfiguration;
			buildSettings = {
				ALWAYS_SEARCH_USER_PATHS = NO;
				CLANG_CXX_LANGUAGE_STANDARD = "gnu++0x";
				CLANG_CXX_LIBRARY = "libc++";
				CLANG_ENABLE_MODULES = YES;
				CLANG_ENABLE_OBJC_ARC = YES;
				CLANG_WARN_BOOL_CONVERSION = YES;
				CLANG_WARN_CONSTANT_CONVERSION = YES;
				CLANG_WARN_DIRECT_OBJC_ISA_USAGE = YES_ERROR;
				CLANG_WARN_EMPTY_BODY = YES;
				CLANG_WARN_ENUM_CONVERSION = YES;
				CLANG_WARN_INT_CONVERSION = YES;
				CLANG_WARN_OBJC_ROOT_CLASS = YES_ERROR;
				CLANG_WARN_UNREACHABLE_CODE = YES;
				CLANG_WARN__DUPLICATE_METHOD_MATCH = YES;
				CODE_SIGN_IDENTITY = "-";
				COPY_PHASE_STRIP = NO;
				DEBUG_INFORMATION_FORMAT = "dwarf-with-dsym";
				ENABLE_NS_ASSERTIONS = NO;
				ENABLE_STRICT_OBJC_MSGSEND = YES;
				GCC_C_LANGUAGE_STANDARD = gnu99;
				GCC_NO_COMMON_BLOCKS = YES;
				GCC_WARN_64_TO_32_BIT_CONVERSION = YES;
				GCC_WARN_ABOUT_RETURN_TYPE = YES_ERROR;
				GCC_WARN_UNDECLARED_SELECTOR = YES;
				GCC_WARN_UNINITIALIZED_AUTOS = YES_AGGRESSIVE;
				GCC_WARN_UNUSED_FUNCTION = YES;
				GCC_WARN_UNUSED_VARIABLE = YES;
				MACOSX_DEPLOYMENT_TARGET = 10.10;
				MTL_ENABLE_DEBUG_INFO = NO;
				SDKROOT = macosx;
			};
			name = Release;
		};
		DD24534D1CCFAFFD0056612B /* Debug */ = {
			isa = XCBuildConfiguration;
			buildSettings = {
				PRODUCT_NAME = "$(TARGET_NAME)";
			};
			name = Debug;
		};
		DD24534E1CCFAFFD0056612B /* Release */ = {
			isa = XCBuildConfiguration;
			buildSettings = {
				PRODUCT_NAME = "$(TARGET_NAME)";
			};
			name = Release;
		};
/* End XCBuildConfiguration section */

/* Begin XCConfigurationList section */
		DD2453401CCFAFFD0056612B /* Build configuration list for PBXProject "Assignment9" */ = {
			isa = XCConfigurationList;
			buildConfigurations = (
				DD24534A1CCFAFFD0056612B /* Debug */,
				DD24534B1CCFAFFD0056612B /* Release */,
			);
			defaultConfigurationIsVisible = 0;
			defaultConfigurationName = Release;
		};
		DD24534C1CCFAFFD0056612B /* Build configuration list for PBXNativeTarget "Assignment9" */ = {
			isa = XCConfigurationList;
			buildConfigurations = (
				DD24534D1CCFAFFD0056612B /* Debug */,
				DD24534E1CCFAFFD0056612B /* Release */,
			);
			defaultConfigurationIsVisible = 0;
		};
/* End XCConfigurationList section */
	};
	rootObject = DD24533D1CCFAFFD0056612B /* Project object */;
}
