// !$*UTF8*$!
{
	archiveVersion = 1;
	classes = {
	};
	objectVersion = 46;
	objects = {

/* Begin PBXBuildFile section */
		DD2EB7551D58C0E30029A291 /* main.cpp in Sources */ = {isa = PBXBuildFile; fileRef = DD2EB7541D58C0E30029A291 /* main.cpp */; };
/* End PBXBuildFile section */

/* Begin PBXCopyFilesBuildPhase section */
		DD2EB74F1D58C0E30029A291 /* CopyFiles */ = {
			isa = PBXCopyFilesBuildPhase;
			buildActionMask = 2147483647;
			dstPath = /usr/share/man/man1/;
			dstSubfolderSpec = 0;
			files = (
			);
			runOnlyForDeploymentPostprocessing = 1;
		};
/* End PBXCopyFilesBuildPhase section */

/* Begin PBXFileReference section */
		DD2EB7511D58C0E30029A291 /* Aula8-8 Progamacao Defensiva */ = {isa = PBXFileReference; explicitFileType = "compiled.mach-o.executable"; includeInIndex = 0; path = "Aula8-8 Progamacao Defensiva"; sourceTree = BUILT_PRODUCTS_DIR; };
		DD2EB7541D58C0E30029A291 /* main.cpp */ = {isa = PBXFileReference; lastKnownFileType = sourcecode.cpp.cpp; path = main.cpp; sourceTree = "<group>"; };
		DD2EB75B1D58C0EC0029A291 /* Anotacoes */ = {isa = PBXFileReference; fileEncoding = 4; lastKnownFileType = text; path = Anotacoes; sourceTree = "<group>"; };
/* End PBXFileReference section */

/* Begin PBXFrameworksBuildPhase section */
		DD2EB74E1D58C0E30029A291 /* Frameworks */ = {
			isa = PBXFrameworksBuildPhase;
			buildActionMask = 2147483647;
			files = (
			);
			runOnlyForDeploymentPostprocessing = 0;
		};
/* End PBXFrameworksBuildPhase section */

/* Begin PBXGroup section */
		DD2EB7481D58C0E30029A291 = {
			isa = PBXGroup;
			children = (
				DD2EB7531D58C0E30029A291 /* Aula8-8 Progamacao Defensiva */,
				DD2EB7521D58C0E30029A291 /* Products */,
			);
			sourceTree = "<group>";
		};
		DD2EB7521D58C0E30029A291 /* Products */ = {
			isa = PBXGroup;
			children = (
				DD2EB7511D58C0E30029A291 /* Aula8-8 Progamacao Defensiva */,
			);
			name = Products;
			sourceTree = "<group>";
		};
		DD2EB7531D58C0E30029A291 /* Aula8-8 Progamacao Defensiva */ = {
			isa = PBXGroup;
			children = (
				DD2EB7541D58C0E30029A291 /* main.cpp */,
				DD2EB75B1D58C0EC0029A291 /* Anotacoes */,
			);
			path = "Aula8-8 Progamacao Defensiva";
			sourceTree = "<group>";
		};
/* End PBXGroup section */

/* Begin PBXNativeTarget section */
		DD2EB7501D58C0E30029A291 /* Aula8-8 Progamacao Defensiva */ = {
			isa = PBXNativeTarget;
			buildConfigurationList = DD2EB7581D58C0E30029A291 /* Build configuration list for PBXNativeTarget "Aula8-8 Progamacao Defensiva" */;
			buildPhases = (
				DD2EB74D1D58C0E30029A291 /* Sources */,
				DD2EB74E1D58C0E30029A291 /* Frameworks */,
				DD2EB74F1D58C0E30029A291 /* CopyFiles */,
			);
			buildRules = (
			);
			dependencies = (
			);
			name = "Aula8-8 Progamacao Defensiva";
			productName = "Aula8-8 Progamacao Defensiva";
			productReference = DD2EB7511D58C0E30029A291 /* Aula8-8 Progamacao Defensiva */;
			productType = "com.apple.product-type.tool";
		};
/* End PBXNativeTarget section */

/* Begin PBXProject section */
		DD2EB7491D58C0E30029A291 /* Project object */ = {
			isa = PBXProject;
			attributes = {
				LastUpgradeCheck = 0730;
				ORGANIZATIONNAME = "Danilo Mendes";
				TargetAttributes = {
					DD2EB7501D58C0E30029A291 = {
						CreatedOnToolsVersion = 7.3.1;
					};
				};
			};
			buildConfigurationList = DD2EB74C1D58C0E30029A291 /* Build configuration list for PBXProject "Aula8-8 Progamacao Defensiva" */;
			compatibilityVersion = "Xcode 3.2";
			developmentRegion = English;
			hasScannedForEncodings = 0;
			knownRegions = (
				en,
			);
			mainGroup = DD2EB7481D58C0E30029A291;
			productRefGroup = DD2EB7521D58C0E30029A291 /* Products */;
			projectDirPath = "";
			projectRoot = "";
			targets = (
				DD2EB7501D58C0E30029A291 /* Aula8-8 Progamacao Defensiva */,
			);
		};
/* End PBXProject section */

/* Begin PBXSourcesBuildPhase section */
		DD2EB74D1D58C0E30029A291 /* Sources */ = {
			isa = PBXSourcesBuildPhase;
			buildActionMask = 2147483647;
			files = (
				DD2EB7551D58C0E30029A291 /* main.cpp in Sources */,
			);
			runOnlyForDeploymentPostprocessing = 0;
		};
/* End PBXSourcesBuildPhase section */

/* Begin XCBuildConfiguration section */
		DD2EB7561D58C0E30029A291 /* Debug */ = {
			isa = XCBuildConfiguration;
			buildSettings = {
				ALWAYS_SEARCH_USER_PATHS = NO;
				CLANG_ANALYZER_NONNULL = YES;
				CLANG_CXX_LANGUAGE_STANDARD = "gnu++0x";
				CLANG_CXX_LIBRARY = "libc++";
				CLANG_ENABLE_MODULES = YES;
				CLANG_ENABLE_OBJC_ARC = YES;
				CLANG_WARN_BOOL_CONVERSION = YES;
				CLANG_WARN_CONSTANT_CONVERSION = YES;
				CLANG_WARN_DIRECT_OBJC_ISA_USAGE = YES_ERROR;
				CLANG_WARN_EMPTY_BODY = YES;
				CLANG_WARN_ENUM_CONVERSION = YES;
				CLANG_WARN_INT_CONVERSION = YES;
				CLANG_WARN_OBJC_ROOT_CLASS = YES_ERROR;
				CLANG_WARN_UNREACHABLE_CODE = YES;
				CLANG_WARN__DUPLICATE_METHOD_MATCH = YES;
				CODE_SIGN_IDENTITY = "-";
				COPY_PHASE_STRIP = NO;
				DEBUG_INFORMATION_FORMAT = dwarf;
				ENABLE_STRICT_OBJC_MSGSEND = YES;
				ENABLE_TESTABILITY = YES;
				GCC_C_LANGUAGE_STANDARD = gnu99;
				GCC_DYNAMIC_NO_PIC = NO;
				GCC_NO_COMMON_BLOCKS = YES;
				GCC_OPTIMIZATION_LEVEL = 0;
				GCC_PREPROCESSOR_DEFINITIONS = (
					"DEBUG=1",
					"$(inherited)",
				);
				GCC_WARN_64_TO_32_BIT_CONVERSION = YES;
				GCC_WARN_ABOUT_RETURN_TYPE = YES_ERROR;
				GCC_WARN_UNDECLARED_SELECTOR = YES;
				GCC_WARN_UNINITIALIZED_AUTOS = YES_AGGRESSIVE;
				GCC_WARN_UNUSED_FUNCTION = YES;
				GCC_WARN_UNUSED_VARIABLE = YES;
				MACOSX_DEPLOYMENT_TARGET = 10.11;
				MTL_ENABLE_DEBUG_INFO = YES;
				ONLY_ACTIVE_ARCH = YES;
				SDKROOT = macosx;
			};
			name = Debug;
		};
		DD2EB7571D58C0E30029A291 /* Release */ = {
			isa = XCBuildConfiguration;
			buildSettings = {
				ALWAYS_SEARCH_USER_PATHS = NO;
				CLANG_ANALYZER_NONNULL = YES;
				CLANG_CXX_LANGUAGE_STANDARD = "gnu++0x";
				CLANG_CXX_LIBRARY = "libc++";
				CLANG_ENABLE_MODULES = YES;
				CLANG_ENABLE_OBJC_ARC = YES;
				CLANG_WARN_BOOL_CONVERSION = YES;
				CLANG_WARN_CONSTANT_CONVERSION = YES;
				CLANG_WARN_DIRECT_OBJC_ISA_USAGE = YES_ERROR;
				CLANG_WARN_EMPTY_BODY = YES;
				CLANG_WARN_ENUM_CONVERSION = YES;
				CLANG_WARN_INT_CONVERSION = YES;
				CLANG_WARN_OBJC_ROOT_CLASS = YES_ERROR;
				CLANG_WARN_UNREACHABLE_CODE = YES;
				CLANG_WARN__DUPLICATE_METHOD_MATCH = YES;
				CODE_SIGN_IDENTITY = "-";
				COPY_PHASE_STRIP = NO;
				DEBUG_INFORMATION_FORMAT = "dwarf-with-dsym";
				ENABLE_NS_ASSERTIONS = NO;
				ENABLE_STRICT_OBJC_MSGSEND = YES;
				GCC_C_LANGUAGE_STANDARD = gnu99;
				GCC_NO_COMMON_BLOCKS = YES;
				GCC_WARN_64_TO_32_BIT_CONVERSION = YES;
				GCC_WARN_ABOUT_RETURN_TYPE = YES_ERROR;
				GCC_WARN_UNDECLARED_SELECTOR = YES;
				GCC_WARN_UNINITIALIZED_AUTOS = YES_AGGRESSIVE;
				GCC_WARN_UNUSED_FUNCTION = YES;
				GCC_WARN_UNUSED_VARIABLE = YES;
				MACOSX_DEPLOYMENT_TARGET = 10.11;
				MTL_ENABLE_DEBUG_INFO = NO;
				SDKROOT = macosx;
			};
			name = Release;
		};
		DD2EB7591D58C0E30029A291 /* Debug */ = {
			isa = XCBuildConfiguration;
			buildSettings = {
				PRODUCT_NAME = "$(TARGET_NAME)";
			};
			name = Debug;
		};
		DD2EB75A1D58C0E30029A291 /* Release */ = {
			isa = XCBuildConfiguration;
			buildSettings = {
				PRODUCT_NAME = "$(TARGET_NAME)";
			};
			name = Release;
		};
/* End XCBuildConfiguration section */

/* Begin XCConfigurationList section */
		DD2EB74C1D58C0E30029A291 /* Build configuration list for PBXProject "Aula8-8 Progamacao Defensiva" */ = {
			isa = XCConfigurationList;
			buildConfigurations = (
				DD2EB7561D58C0E30029A291 /* Debug */,
				DD2EB7571D58C0E30029A291 /* Release */,
			);
			defaultConfigurationIsVisible = 0;
			defaultConfigurationName = Release;
		};
		DD2EB7581D58C0E30029A291 /* Build configuration list for PBXNativeTarget "Aula8-8 Progamacao Defensiva" */ = {
			isa = XCConfigurationList;
			buildConfigurations = (
				DD2EB7591D58C0E30029A291 /* Debug */,
				DD2EB75A1D58C0E30029A291 /* Release */,
			);
			defaultConfigurationIsVisible = 0;
		};
/* End XCConfigurationList section */
	};
	rootObject = DD2EB7491D58C0E30029A291 /* Project object */;
}
